// !$*UTF8*$!
{
	archiveVersion = 1;
	classes = {
	};
	objectVersion = 56;
	objects = {

/* Begin PBXBuildFile section */
		779B5717937D54F81AF6083F /* Pods_spotify.framework in Frameworks */ = {isa = PBXBuildFile; fileRef = DA0171129EC2CB57219C35B7 /* Pods_spotify.framework */; };
		D00A33872BC5A2F3001F24DE /* AppDelegate.swift in Sources */ = {isa = PBXBuildFile; fileRef = D00A33862BC5A2F3001F24DE /* AppDelegate.swift */; };
		D00A33892BC5A2F3001F24DE /* SceneDelegate.swift in Sources */ = {isa = PBXBuildFile; fileRef = D00A33882BC5A2F3001F24DE /* SceneDelegate.swift */; };
		D00A338B2BC5A2F3001F24DE /* HomeViewController.swift in Sources */ = {isa = PBXBuildFile; fileRef = D00A338A2BC5A2F3001F24DE /* HomeViewController.swift */; };
		D00A33902BC5A2F4001F24DE /* Assets.xcassets in Resources */ = {isa = PBXBuildFile; fileRef = D00A338F2BC5A2F4001F24DE /* Assets.xcassets */; };
		D00A33932BC5A2F4001F24DE /* LaunchScreen.storyboard in Resources */ = {isa = PBXBuildFile; fileRef = D00A33912BC5A2F4001F24DE /* LaunchScreen.storyboard */; };
		D00A33A12BC6E2D3001F24DE /* TabBarViewController.swift in Sources */ = {isa = PBXBuildFile; fileRef = D00A33A02BC6E2D3001F24DE /* TabBarViewController.swift */; };
		D00A33A32BC6E341001F24DE /* SearchViewController.swift in Sources */ = {isa = PBXBuildFile; fileRef = D00A33A22BC6E341001F24DE /* SearchViewController.swift */; };
		D00A33A62BC6E3B4001F24DE /* LibraryViewController.swift in Sources */ = {isa = PBXBuildFile; fileRef = D00A33A52BC6E3B4001F24DE /* LibraryViewController.swift */; };
		D00A33AA2BC6E4B4001F24DE /* AuthViewController.swift in Sources */ = {isa = PBXBuildFile; fileRef = D00A33A92BC6E4B4001F24DE /* AuthViewController.swift */; };
		D00A33AC2BC6E4F8001F24DE /* WelcomViewController.swift in Sources */ = {isa = PBXBuildFile; fileRef = D00A33AB2BC6E4F8001F24DE /* WelcomViewController.swift */; };
		D00A33AE2BC6E5CA001F24DE /* SettingsViewController.swift in Sources */ = {isa = PBXBuildFile; fileRef = D00A33AD2BC6E5CA001F24DE /* SettingsViewController.swift */; };
		D00A33B12BC6E5F9001F24DE /* ProfileViewController.swift in Sources */ = {isa = PBXBuildFile; fileRef = D00A33B02BC6E5F9001F24DE /* ProfileViewController.swift */; };
		D00A33B32BC6E60D001F24DE /* PlayerViewController.swift in Sources */ = {isa = PBXBuildFile; fileRef = D00A33B22BC6E60D001F24DE /* PlayerViewController.swift */; };
		D00A33B52BC6E65B001F24DE /* PlaylistViewController.swift in Sources */ = {isa = PBXBuildFile; fileRef = D00A33B42BC6E65B001F24DE /* PlaylistViewController.swift */; };
		D00A33B72BC6E71D001F24DE /* SearchResultsViewController.swift in Sources */ = {isa = PBXBuildFile; fileRef = D00A33B62BC6E71D001F24DE /* SearchResultsViewController.swift */; };
		D00A33B92BC6E816001F24DE /* AuthManager.swift in Sources */ = {isa = PBXBuildFile; fileRef = D00A33B82BC6E816001F24DE /* AuthManager.swift */; };
		D00A33BB2BC6E83C001F24DE /* APICaller.swift in Sources */ = {isa = PBXBuildFile; fileRef = D00A33BA2BC6E83C001F24DE /* APICaller.swift */; };
		D00A33BE2BC6E892001F24DE /* HapticsManager.swift in Sources */ = {isa = PBXBuildFile; fileRef = D00A33BD2BC6E892001F24DE /* HapticsManager.swift */; };
		D00A33C02BC6E9AD001F24DE /* Playlist.swift in Sources */ = {isa = PBXBuildFile; fileRef = D00A33BF2BC6E9AD001F24DE /* Playlist.swift */; };
		D00A33C22BC6E9C0001F24DE /* AudioTrack.swift in Sources */ = {isa = PBXBuildFile; fileRef = D00A33C12BC6E9C0001F24DE /* AudioTrack.swift */; };
		D00A33C42BC6E9E8001F24DE /* Artist.swift in Sources */ = {isa = PBXBuildFile; fileRef = D00A33C32BC6E9E8001F24DE /* Artist.swift */; };
		D00A33C62BC6EA13001F24DE /* UserProfile.swift in Sources */ = {isa = PBXBuildFile; fileRef = D00A33C52BC6EA13001F24DE /* UserProfile.swift */; };
		D00A33C82BC8526E001F24DE /* Extensions.swift in Sources */ = {isa = PBXBuildFile; fileRef = D00A33C72BC8526E001F24DE /* Extensions.swift */; };
		D02A3DE32BDFEEF200CF9EB0 /* NewReleasesResponse.swift in Sources */ = {isa = PBXBuildFile; fileRef = D02A3DE22BDFEEF200CF9EB0 /* NewReleasesResponse.swift */; };
		D02A3DE52BDFF17D00CF9EB0 /* APIImage.swift in Sources */ = {isa = PBXBuildFile; fileRef = D02A3DE42BDFF17D00CF9EB0 /* APIImage.swift */; };
		D02A3DE72BDFFA5000CF9EB0 /* FeaturedPlaylistResponse.swift in Sources */ = {isa = PBXBuildFile; fileRef = D02A3DE62BDFFA5000CF9EB0 /* FeaturedPlaylistResponse.swift */; };
		D02A3DE92BE1340800CF9EB0 /* RecommandedGenresResponse.swift in Sources */ = {isa = PBXBuildFile; fileRef = D02A3DE82BE1340800CF9EB0 /* RecommandedGenresResponse.swift */; };
		D02A3DEB2BE144D100CF9EB0 /* RecommandationsResponse.swift in Sources */ = {isa = PBXBuildFile; fileRef = D02A3DEA2BE144D100CF9EB0 /* RecommandationsResponse.swift */; };
		D03A0E6E2C15F82000951A6F /* LibraryAlbumsResponse.swift in Sources */ = {isa = PBXBuildFile; fileRef = D03A0E6D2C15F82000951A6F /* LibraryAlbumsResponse.swift */; };
		D05F9DBA2C0CBB0500F26E1B /* LibraryPlaylistViewController.swift in Sources */ = {isa = PBXBuildFile; fileRef = D05F9DB92C0CBB0500F26E1B /* LibraryPlaylistViewController.swift */; };
		D05F9DBC2C0CBB5600F26E1B /* LibraryAlbumsViewController.swift in Sources */ = {isa = PBXBuildFile; fileRef = D05F9DBB2C0CBB5600F26E1B /* LibraryAlbumsViewController.swift */; };
		D05F9DBE2C0CC34000F26E1B /* LibraryToggleView.swift in Sources */ = {isa = PBXBuildFile; fileRef = D05F9DBD2C0CC34000F26E1B /* LibraryToggleView.swift */; };
		D05F9DC02C0DB84100F26E1B /* LibraryPlaylistsResponse.swift in Sources */ = {isa = PBXBuildFile; fileRef = D05F9DBF2C0DB84100F26E1B /* LibraryPlaylistsResponse.swift */; };
		D05F9DC22C0DBB6F00F26E1B /* ActionLabelView.swift in Sources */ = {isa = PBXBuildFile; fileRef = D05F9DC12C0DBB6F00F26E1B /* ActionLabelView.swift */; };
		D0659B0F2BE9213300D8AA01 /* PlaylistDetailsResponse.swift in Sources */ = {isa = PBXBuildFile; fileRef = D0659B0E2BE9213300D8AA01 /* PlaylistDetailsResponse.swift */; };
		D06710B72BF26155008BA59E /* AllCategoriesResponse.swift in Sources */ = {isa = PBXBuildFile; fileRef = D06710B62BF26155008BA59E /* AllCategoriesResponse.swift */; };
		D06710B92BF27360008BA59E /* CategoryCollectionViewCellViewModel.swift in Sources */ = {isa = PBXBuildFile; fileRef = D06710B82BF27360008BA59E /* CategoryCollectionViewCellViewModel.swift */; };
		D06710BB2BF27665008BA59E /* CategoryViewController.swift in Sources */ = {isa = PBXBuildFile; fileRef = D06710BA2BF27665008BA59E /* CategoryViewController.swift */; };
		D068AEA32BED2F31004127A4 /* TitleHeaderCollectionReusableView.swift in Sources */ = {isa = PBXBuildFile; fileRef = D068AEA22BED2F31004127A4 /* TitleHeaderCollectionReusableView.swift */; };
		D068AEA52BEFB7CA004127A4 /* AlbumTrackCollectionViewCell.swift in Sources */ = {isa = PBXBuildFile; fileRef = D068AEA42BEFB7CA004127A4 /* AlbumTrackCollectionViewCell.swift */; };
		D068AEA72BEFBBF7004127A4 /* AlbumCollectionViewCellViewModel.swift in Sources */ = {isa = PBXBuildFile; fileRef = D068AEA62BEFBBF7004127A4 /* AlbumCollectionViewCellViewModel.swift */; };
		D068AEA92BF10B7C004127A4 /* GenreCollectionViewCell.swift in Sources */ = {isa = PBXBuildFile; fileRef = D068AEA82BF10B7C004127A4 /* GenreCollectionViewCell.swift */; };
		D068DF012BE3EEC400CBA69D /* NewReleaseCollectionViewCell.swift in Sources */ = {isa = PBXBuildFile; fileRef = D068DF002BE3EEC400CBA69D /* NewReleaseCollectionViewCell.swift */; };
		D068DF032BE3EF2100CBA69D /* FeaturePlaylistCollectionViewCell.swift in Sources */ = {isa = PBXBuildFile; fileRef = D068DF022BE3EF2100CBA69D /* FeaturePlaylistCollectionViewCell.swift */; };
		D068DF052BE3EF6100CBA69D /* RecommandedTrackCollectionViewCell.swift in Sources */ = {isa = PBXBuildFile; fileRef = D068DF042BE3EF6100CBA69D /* RecommandedTrackCollectionViewCell.swift */; };
		D068DF072BE54FDB00CBA69D /* NewReleasesCellViewModel.swift in Sources */ = {isa = PBXBuildFile; fileRef = D068DF062BE54FDB00CBA69D /* NewReleasesCellViewModel.swift */; };
		D06EB0342BFA700300E8D49C /* SearchResultResponse.swift in Sources */ = {isa = PBXBuildFile; fileRef = D06EB0332BFA700300E8D49C /* SearchResultResponse.swift */; };
		D06ED5022BEA7781008CC47D /* PlaylistHeaderCollectionReusableView.swift in Sources */ = {isa = PBXBuildFile; fileRef = D06ED5012BEA7781008CC47D /* PlaylistHeaderCollectionReusableView.swift */; };
		D06ED5042BEA803C008CC47D /* PlaylistHeaderViewViewModel.swift in Sources */ = {isa = PBXBuildFile; fileRef = D06ED5032BEA803C008CC47D /* PlaylistHeaderViewViewModel.swift */; };
		D07041812BFB9E0E00F99B3D /* SearchResult.swift in Sources */ = {isa = PBXBuildFile; fileRef = D07041802BFB9E0E00F99B3D /* SearchResult.swift */; };
		D07041842BFD0C4000F99B3D /* SearchResultdefaultTableViewCell.swift in Sources */ = {isa = PBXBuildFile; fileRef = D07041832BFD0C4000F99B3D /* SearchResultdefaultTableViewCell.swift */; };
		D07041862BFD122700F99B3D /* SearchResultDefaultTableViewCellViewModel.swift in Sources */ = {isa = PBXBuildFile; fileRef = D07041852BFD122600F99B3D /* SearchResultDefaultTableViewCellViewModel.swift */; };
		D07041882BFF2FF500F99B3D /* SearchResultSubtitleTableViewCell.swift in Sources */ = {isa = PBXBuildFile; fileRef = D07041872BFF2FF500F99B3D /* SearchResultSubtitleTableViewCell.swift */; };
		D070418A2C023E3900F99B3D /* SearchResultSubtitleTableViewCellViewModel.swift in Sources */ = {isa = PBXBuildFile; fileRef = D07041892C023E3900F99B3D /* SearchResultSubtitleTableViewCellViewModel.swift */; };
		D070418D2C03826000F99B3D /* PlaybackPresenter.swift in Sources */ = {isa = PBXBuildFile; fileRef = D070418C2C03826000F99B3D /* PlaybackPresenter.swift */; };
		D070418F2C03ADB600F99B3D /* PlayerControlsView.swift in Sources */ = {isa = PBXBuildFile; fileRef = D070418E2C03ADB600F99B3D /* PlayerControlsView.swift */; };
		D071E1242BE6890700CD1810 /* FeaturedPlaylistCellViewModel.swift in Sources */ = {isa = PBXBuildFile; fileRef = D071E1232BE6890700CD1810 /* FeaturedPlaylistCellViewModel.swift */; };
		D071E1262BE689B200CD1810 /* RecommandedTrackCellViewModel.swift in Sources */ = {isa = PBXBuildFile; fileRef = D071E1252BE689B200CD1810 /* RecommandedTrackCellViewModel.swift */; };
		D0731DCF2BE7DA2A00EE3587 /* AlbumViewController.swift in Sources */ = {isa = PBXBuildFile; fileRef = D0731DCE2BE7DA2A00EE3587 /* AlbumViewController.swift */; };
		D0731DD12BE7E82000EE3587 /* AlbumDetailsResponse.swift in Sources */ = {isa = PBXBuildFile; fileRef = D0731DD02BE7E82000EE3587 /* AlbumDetailsResponse.swift */; };
		D0774EB62BD0222F00D70D95 /* AuthResponse.swift in Sources */ = {isa = PBXBuildFile; fileRef = D0774EB52BD0222F00D70D95 /* AuthResponse.swift */; };
		D0774EB82BD7FCC700D70D95 /* SettingsModels.swift in Sources */ = {isa = PBXBuildFile; fileRef = D0774EB72BD7FCC700D70D95 /* SettingsModels.swift */; };
/* End PBXBuildFile section */

/* Begin PBXFileReference section */
		C1C2BF2400E0711232950265 /* Pods-spotify.debug.xcconfig */ = {isa = PBXFileReference; includeInIndex = 1; lastKnownFileType = text.xcconfig; name = "Pods-spotify.debug.xcconfig"; path = "Target Support Files/Pods-spotify/Pods-spotify.debug.xcconfig"; sourceTree = "<group>"; };
		D00A33832BC5A2F3001F24DE /* spotify.app */ = {isa = PBXFileReference; explicitFileType = wrapper.application; includeInIndex = 0; path = spotify.app; sourceTree = BUILT_PRODUCTS_DIR; };
		D00A33862BC5A2F3001F24DE /* AppDelegate.swift */ = {isa = PBXFileReference; lastKnownFileType = sourcecode.swift; path = AppDelegate.swift; sourceTree = "<group>"; };
		D00A33882BC5A2F3001F24DE /* SceneDelegate.swift */ = {isa = PBXFileReference; lastKnownFileType = sourcecode.swift; path = SceneDelegate.swift; sourceTree = "<group>"; };
		D00A338A2BC5A2F3001F24DE /* HomeViewController.swift */ = {isa = PBXFileReference; lastKnownFileType = sourcecode.swift; path = HomeViewController.swift; sourceTree = "<group>"; };
		D00A338F2BC5A2F4001F24DE /* Assets.xcassets */ = {isa = PBXFileReference; lastKnownFileType = folder.assetcatalog; path = Assets.xcassets; sourceTree = "<group>"; };
		D00A33922BC5A2F4001F24DE /* Base */ = {isa = PBXFileReference; lastKnownFileType = file.storyboard; name = Base; path = Base.lproj/LaunchScreen.storyboard; sourceTree = "<group>"; };
		D00A33942BC5A2F4001F24DE /* Info.plist */ = {isa = PBXFileReference; lastKnownFileType = text.plist.xml; path = Info.plist; sourceTree = "<group>"; };
		D00A33A02BC6E2D3001F24DE /* TabBarViewController.swift */ = {isa = PBXFileReference; lastKnownFileType = sourcecode.swift; path = TabBarViewController.swift; sourceTree = "<group>"; };
		D00A33A22BC6E341001F24DE /* SearchViewController.swift */ = {isa = PBXFileReference; lastKnownFileType = sourcecode.swift; path = SearchViewController.swift; sourceTree = "<group>"; };
		D00A33A52BC6E3B4001F24DE /* LibraryViewController.swift */ = {isa = PBXFileReference; lastKnownFileType = sourcecode.swift; path = LibraryViewController.swift; sourceTree = "<group>"; };
		D00A33A92BC6E4B4001F24DE /* AuthViewController.swift */ = {isa = PBXFileReference; lastKnownFileType = sourcecode.swift; path = AuthViewController.swift; sourceTree = "<group>"; };
		D00A33AB2BC6E4F8001F24DE /* WelcomViewController.swift */ = {isa = PBXFileReference; lastKnownFileType = sourcecode.swift; path = WelcomViewController.swift; sourceTree = "<group>"; };
		D00A33AD2BC6E5CA001F24DE /* SettingsViewController.swift */ = {isa = PBXFileReference; lastKnownFileType = sourcecode.swift; path = SettingsViewController.swift; sourceTree = "<group>"; };
		D00A33B02BC6E5F9001F24DE /* ProfileViewController.swift */ = {isa = PBXFileReference; lastKnownFileType = sourcecode.swift; path = ProfileViewController.swift; sourceTree = "<group>"; };
		D00A33B22BC6E60D001F24DE /* PlayerViewController.swift */ = {isa = PBXFileReference; lastKnownFileType = sourcecode.swift; path = PlayerViewController.swift; sourceTree = "<group>"; };
		D00A33B42BC6E65B001F24DE /* PlaylistViewController.swift */ = {isa = PBXFileReference; lastKnownFileType = sourcecode.swift; path = PlaylistViewController.swift; sourceTree = "<group>"; };
		D00A33B62BC6E71D001F24DE /* SearchResultsViewController.swift */ = {isa = PBXFileReference; lastKnownFileType = sourcecode.swift; path = SearchResultsViewController.swift; sourceTree = "<group>"; };
		D00A33B82BC6E816001F24DE /* AuthManager.swift */ = {isa = PBXFileReference; lastKnownFileType = sourcecode.swift; path = AuthManager.swift; sourceTree = "<group>"; };
		D00A33BA2BC6E83C001F24DE /* APICaller.swift */ = {isa = PBXFileReference; lastKnownFileType = sourcecode.swift; path = APICaller.swift; sourceTree = "<group>"; };
		D00A33BD2BC6E892001F24DE /* HapticsManager.swift */ = {isa = PBXFileReference; lastKnownFileType = sourcecode.swift; path = HapticsManager.swift; sourceTree = "<group>"; };
		D00A33BF2BC6E9AD001F24DE /* Playlist.swift */ = {isa = PBXFileReference; lastKnownFileType = sourcecode.swift; path = Playlist.swift; sourceTree = "<group>"; };
		D00A33C12BC6E9C0001F24DE /* AudioTrack.swift */ = {isa = PBXFileReference; lastKnownFileType = sourcecode.swift; path = AudioTrack.swift; sourceTree = "<group>"; };
		D00A33C32BC6E9E8001F24DE /* Artist.swift */ = {isa = PBXFileReference; lastKnownFileType = sourcecode.swift; path = Artist.swift; sourceTree = "<group>"; };
		D00A33C52BC6EA13001F24DE /* UserProfile.swift */ = {isa = PBXFileReference; lastKnownFileType = sourcecode.swift; path = UserProfile.swift; sourceTree = "<group>"; };
		D00A33C72BC8526E001F24DE /* Extensions.swift */ = {isa = PBXFileReference; lastKnownFileType = sourcecode.swift; path = Extensions.swift; sourceTree = "<group>"; };
		D02A3DE22BDFEEF200CF9EB0 /* NewReleasesResponse.swift */ = {isa = PBXFileReference; lastKnownFileType = sourcecode.swift; path = NewReleasesResponse.swift; sourceTree = "<group>"; };
		D02A3DE42BDFF17D00CF9EB0 /* APIImage.swift */ = {isa = PBXFileReference; lastKnownFileType = sourcecode.swift; path = APIImage.swift; sourceTree = "<group>"; };
		D02A3DE62BDFFA5000CF9EB0 /* FeaturedPlaylistResponse.swift */ = {isa = PBXFileReference; lastKnownFileType = sourcecode.swift; path = FeaturedPlaylistResponse.swift; sourceTree = "<group>"; };
		D02A3DE82BE1340800CF9EB0 /* RecommandedGenresResponse.swift */ = {isa = PBXFileReference; lastKnownFileType = sourcecode.swift; path = RecommandedGenresResponse.swift; sourceTree = "<group>"; };
		D02A3DEA2BE144D100CF9EB0 /* RecommandationsResponse.swift */ = {isa = PBXFileReference; lastKnownFileType = sourcecode.swift; path = RecommandationsResponse.swift; sourceTree = "<group>"; };
		D03A0E6D2C15F82000951A6F /* LibraryAlbumsResponse.swift */ = {isa = PBXFileReference; lastKnownFileType = sourcecode.swift; path = LibraryAlbumsResponse.swift; sourceTree = "<group>"; };
		D05F9DB92C0CBB0500F26E1B /* LibraryPlaylistViewController.swift */ = {isa = PBXFileReference; lastKnownFileType = sourcecode.swift; path = LibraryPlaylistViewController.swift; sourceTree = "<group>"; };
		D05F9DBB2C0CBB5600F26E1B /* LibraryAlbumsViewController.swift */ = {isa = PBXFileReference; lastKnownFileType = sourcecode.swift; path = LibraryAlbumsViewController.swift; sourceTree = "<group>"; };
		D05F9DBD2C0CC34000F26E1B /* LibraryToggleView.swift */ = {isa = PBXFileReference; lastKnownFileType = sourcecode.swift; path = LibraryToggleView.swift; sourceTree = "<group>"; };
		D05F9DBF2C0DB84100F26E1B /* LibraryPlaylistsResponse.swift */ = {isa = PBXFileReference; lastKnownFileType = sourcecode.swift; path = LibraryPlaylistsResponse.swift; sourceTree = "<group>"; };
		D05F9DC12C0DBB6F00F26E1B /* ActionLabelView.swift */ = {isa = PBXFileReference; lastKnownFileType = sourcecode.swift; path = ActionLabelView.swift; sourceTree = "<group>"; };
		D0659B0E2BE9213300D8AA01 /* PlaylistDetailsResponse.swift */ = {isa = PBXFileReference; lastKnownFileType = sourcecode.swift; path = PlaylistDetailsResponse.swift; sourceTree = "<group>"; };
		D06710B62BF26155008BA59E /* AllCategoriesResponse.swift */ = {isa = PBXFileReference; lastKnownFileType = sourcecode.swift; path = AllCategoriesResponse.swift; sourceTree = "<group>"; };
		D06710B82BF27360008BA59E /* CategoryCollectionViewCellViewModel.swift */ = {isa = PBXFileReference; lastKnownFileType = sourcecode.swift; path = CategoryCollectionViewCellViewModel.swift; sourceTree = "<group>"; };
		D06710BA2BF27665008BA59E /* CategoryViewController.swift */ = {isa = PBXFileReference; lastKnownFileType = sourcecode.swift; path = CategoryViewController.swift; sourceTree = "<group>"; };
		D068AEA22BED2F31004127A4 /* TitleHeaderCollectionReusableView.swift */ = {isa = PBXFileReference; lastKnownFileType = sourcecode.swift; path = TitleHeaderCollectionReusableView.swift; sourceTree = "<group>"; };
		D068AEA42BEFB7CA004127A4 /* AlbumTrackCollectionViewCell.swift */ = {isa = PBXFileReference; lastKnownFileType = sourcecode.swift; path = AlbumTrackCollectionViewCell.swift; sourceTree = "<group>"; };
		D068AEA62BEFBBF7004127A4 /* AlbumCollectionViewCellViewModel.swift */ = {isa = PBXFileReference; lastKnownFileType = sourcecode.swift; path = AlbumCollectionViewCellViewModel.swift; sourceTree = "<group>"; };
		D068AEA82BF10B7C004127A4 /* GenreCollectionViewCell.swift */ = {isa = PBXFileReference; lastKnownFileType = sourcecode.swift; path = GenreCollectionViewCell.swift; sourceTree = "<group>"; };
		D068DF002BE3EEC400CBA69D /* NewReleaseCollectionViewCell.swift */ = {isa = PBXFileReference; lastKnownFileType = sourcecode.swift; path = NewReleaseCollectionViewCell.swift; sourceTree = "<group>"; };
		D068DF022BE3EF2100CBA69D /* FeaturePlaylistCollectionViewCell.swift */ = {isa = PBXFileReference; lastKnownFileType = sourcecode.swift; path = FeaturePlaylistCollectionViewCell.swift; sourceTree = "<group>"; };
		D068DF042BE3EF6100CBA69D /* RecommandedTrackCollectionViewCell.swift */ = {isa = PBXFileReference; lastKnownFileType = sourcecode.swift; path = RecommandedTrackCollectionViewCell.swift; sourceTree = "<group>"; };
		D068DF062BE54FDB00CBA69D /* NewReleasesCellViewModel.swift */ = {isa = PBXFileReference; lastKnownFileType = sourcecode.swift; path = NewReleasesCellViewModel.swift; sourceTree = "<group>"; };
		D06EB0332BFA700300E8D49C /* SearchResultResponse.swift */ = {isa = PBXFileReference; lastKnownFileType = sourcecode.swift; path = SearchResultResponse.swift; sourceTree = "<group>"; };
		D06ED5012BEA7781008CC47D /* PlaylistHeaderCollectionReusableView.swift */ = {isa = PBXFileReference; lastKnownFileType = sourcecode.swift; path = PlaylistHeaderCollectionReusableView.swift; sourceTree = "<group>"; };
		D06ED5032BEA803C008CC47D /* PlaylistHeaderViewViewModel.swift */ = {isa = PBXFileReference; lastKnownFileType = sourcecode.swift; path = PlaylistHeaderViewViewModel.swift; sourceTree = "<group>"; };
		D07041802BFB9E0E00F99B3D /* SearchResult.swift */ = {isa = PBXFileReference; lastKnownFileType = sourcecode.swift; path = SearchResult.swift; sourceTree = "<group>"; };
		D07041832BFD0C4000F99B3D /* SearchResultdefaultTableViewCell.swift */ = {isa = PBXFileReference; lastKnownFileType = sourcecode.swift; path = SearchResultdefaultTableViewCell.swift; sourceTree = "<group>"; };
		D07041852BFD122600F99B3D /* SearchResultDefaultTableViewCellViewModel.swift */ = {isa = PBXFileReference; lastKnownFileType = sourcecode.swift; path = SearchResultDefaultTableViewCellViewModel.swift; sourceTree = "<group>"; };
		D07041872BFF2FF500F99B3D /* SearchResultSubtitleTableViewCell.swift */ = {isa = PBXFileReference; lastKnownFileType = sourcecode.swift; path = SearchResultSubtitleTableViewCell.swift; sourceTree = "<group>"; };
		D07041892C023E3900F99B3D /* SearchResultSubtitleTableViewCellViewModel.swift */ = {isa = PBXFileReference; lastKnownFileType = sourcecode.swift; path = SearchResultSubtitleTableViewCellViewModel.swift; sourceTree = "<group>"; };
		D070418C2C03826000F99B3D /* PlaybackPresenter.swift */ = {isa = PBXFileReference; lastKnownFileType = sourcecode.swift; path = PlaybackPresenter.swift; sourceTree = "<group>"; };
		D070418E2C03ADB600F99B3D /* PlayerControlsView.swift */ = {isa = PBXFileReference; lastKnownFileType = sourcecode.swift; path = PlayerControlsView.swift; sourceTree = "<group>"; };
		D071E1232BE6890700CD1810 /* FeaturedPlaylistCellViewModel.swift */ = {isa = PBXFileReference; lastKnownFileType = sourcecode.swift; path = FeaturedPlaylistCellViewModel.swift; sourceTree = "<group>"; };
		D071E1252BE689B200CD1810 /* RecommandedTrackCellViewModel.swift */ = {isa = PBXFileReference; lastKnownFileType = sourcecode.swift; path = RecommandedTrackCellViewModel.swift; sourceTree = "<group>"; };
		D0731DCE2BE7DA2A00EE3587 /* AlbumViewController.swift */ = {isa = PBXFileReference; lastKnownFileType = sourcecode.swift; path = AlbumViewController.swift; sourceTree = "<group>"; };
		D0731DD02BE7E82000EE3587 /* AlbumDetailsResponse.swift */ = {isa = PBXFileReference; lastKnownFileType = sourcecode.swift; path = AlbumDetailsResponse.swift; sourceTree = "<group>"; };
		D0774EB52BD0222F00D70D95 /* AuthResponse.swift */ = {isa = PBXFileReference; lastKnownFileType = sourcecode.swift; path = AuthResponse.swift; sourceTree = "<group>"; };
		D0774EB72BD7FCC700D70D95 /* SettingsModels.swift */ = {isa = PBXFileReference; lastKnownFileType = sourcecode.swift; path = SettingsModels.swift; sourceTree = "<group>"; };
		DA0171129EC2CB57219C35B7 /* Pods_spotify.framework */ = {isa = PBXFileReference; explicitFileType = wrapper.framework; includeInIndex = 0; path = Pods_spotify.framework; sourceTree = BUILT_PRODUCTS_DIR; };
		F68307A0871B721AB2D6EE57 /* Pods-spotify.release.xcconfig */ = {isa = PBXFileReference; includeInIndex = 1; lastKnownFileType = text.xcconfig; name = "Pods-spotify.release.xcconfig"; path = "Target Support Files/Pods-spotify/Pods-spotify.release.xcconfig"; sourceTree = "<group>"; };
/* End PBXFileReference section */

/* Begin PBXFrameworksBuildPhase section */
		D00A33802BC5A2F3001F24DE /* Frameworks */ = {
			isa = PBXFrameworksBuildPhase;
			buildActionMask = 2147483647;
			files = (
				779B5717937D54F81AF6083F /* Pods_spotify.framework in Frameworks */,
			);
			runOnlyForDeploymentPostprocessing = 0;
		};
/* End PBXFrameworksBuildPhase section */

/* Begin PBXGroup section */
		7A4C7ABFEF5F2F915684E0CB /* Pods */ = {
			isa = PBXGroup;
			children = (
				C1C2BF2400E0711232950265 /* Pods-spotify.debug.xcconfig */,
				F68307A0871B721AB2D6EE57 /* Pods-spotify.release.xcconfig */,
			);
			path = Pods;
			sourceTree = "<group>";
		};
		8FE4C8DEEC17E0B3F5255C4E /* Frameworks */ = {
			isa = PBXGroup;
			children = (
				DA0171129EC2CB57219C35B7 /* Pods_spotify.framework */,
			);
			name = Frameworks;
			sourceTree = "<group>";
		};
		D00A337A2BC5A2F3001F24DE = {
			isa = PBXGroup;
			children = (
				D00A33852BC5A2F3001F24DE /* spotify */,
				D00A33842BC5A2F3001F24DE /* Products */,
				7A4C7ABFEF5F2F915684E0CB /* Pods */,
				8FE4C8DEEC17E0B3F5255C4E /* Frameworks */,
			);
			sourceTree = "<group>";
		};
		D00A33842BC5A2F3001F24DE /* Products */ = {
			isa = PBXGroup;
			children = (
				D00A33832BC5A2F3001F24DE /* spotify.app */,
			);
			name = Products;
			sourceTree = "<group>";
		};
		D00A33852BC5A2F3001F24DE /* spotify */ = {
			isa = PBXGroup;
			children = (
				D070418B2C03821C00F99B3D /* Presenter */,
				D00A339F2BC5A4BF001F24DE /* Resources */,
				D00A339E2BC5A4B3001F24DE /* Managers */,
				D00A339D2BC5A496001F24DE /* Models */,
				D00A339C2BC5A475001F24DE /* View Models */,
				D00A339B2BC5A46A001F24DE /* Views */,
				D00A339A2BC5A44D001F24DE /* Controllers */,
				D00A33942BC5A2F4001F24DE /* Info.plist */,
			);
			path = spotify;
			sourceTree = "<group>";
		};
		D00A339A2BC5A44D001F24DE /* Controllers */ = {
			isa = PBXGroup;
			children = (
				D00A33A82BC6E3FD001F24DE /* Other */,
				D00A33A72BC6E3E5001F24DE /* Core */,
			);
			path = Controllers;
			sourceTree = "<group>";
		};
		D00A339B2BC5A46A001F24DE /* Views */ = {
			isa = PBXGroup;
			children = (
				D07041822BFD0BD800F99B3D /* SearchResultCells */,
				D068DEFF2BE3EE7600CBA69D /* Browse */,
				D00A33912BC5A2F4001F24DE /* LaunchScreen.storyboard */,
				D06ED5012BEA7781008CC47D /* PlaylistHeaderCollectionReusableView.swift */,
				D068AEA22BED2F31004127A4 /* TitleHeaderCollectionReusableView.swift */,
				D068AEA42BEFB7CA004127A4 /* AlbumTrackCollectionViewCell.swift */,
				D068AEA82BF10B7C004127A4 /* GenreCollectionViewCell.swift */,
				D070418E2C03ADB600F99B3D /* PlayerControlsView.swift */,
				D05F9DBD2C0CC34000F26E1B /* LibraryToggleView.swift */,
				D05F9DC12C0DBB6F00F26E1B /* ActionLabelView.swift */,
			);
			path = Views;
			sourceTree = "<group>";
		};
		D00A339C2BC5A475001F24DE /* View Models */ = {
			isa = PBXGroup;
			children = (
				D068DF062BE54FDB00CBA69D /* NewReleasesCellViewModel.swift */,
				D071E1232BE6890700CD1810 /* FeaturedPlaylistCellViewModel.swift */,
				D071E1252BE689B200CD1810 /* RecommandedTrackCellViewModel.swift */,
				D06ED5032BEA803C008CC47D /* PlaylistHeaderViewViewModel.swift */,
				D068AEA62BEFBBF7004127A4 /* AlbumCollectionViewCellViewModel.swift */,
				D06710B82BF27360008BA59E /* CategoryCollectionViewCellViewModel.swift */,
				D07041852BFD122600F99B3D /* SearchResultDefaultTableViewCellViewModel.swift */,
				D07041892C023E3900F99B3D /* SearchResultSubtitleTableViewCellViewModel.swift */,
			);
			path = "View Models";
			sourceTree = "<group>";
		};
		D00A339D2BC5A496001F24DE /* Models */ = {
			isa = PBXGroup;
			children = (
				D00A33BF2BC6E9AD001F24DE /* Playlist.swift */,
				D00A33C12BC6E9C0001F24DE /* AudioTrack.swift */,
				D00A33C32BC6E9E8001F24DE /* Artist.swift */,
				D00A33C52BC6EA13001F24DE /* UserProfile.swift */,
				D0774EB52BD0222F00D70D95 /* AuthResponse.swift */,
				D0774EB72BD7FCC700D70D95 /* SettingsModels.swift */,
				D02A3DE22BDFEEF200CF9EB0 /* NewReleasesResponse.swift */,
				D02A3DE42BDFF17D00CF9EB0 /* APIImage.swift */,
				D02A3DE62BDFFA5000CF9EB0 /* FeaturedPlaylistResponse.swift */,
				D02A3DE82BE1340800CF9EB0 /* RecommandedGenresResponse.swift */,
				D02A3DEA2BE144D100CF9EB0 /* RecommandationsResponse.swift */,
				D0731DD02BE7E82000EE3587 /* AlbumDetailsResponse.swift */,
				D0659B0E2BE9213300D8AA01 /* PlaylistDetailsResponse.swift */,
				D06710B62BF26155008BA59E /* AllCategoriesResponse.swift */,
				D06EB0332BFA700300E8D49C /* SearchResultResponse.swift */,
				D07041802BFB9E0E00F99B3D /* SearchResult.swift */,
				D05F9DBF2C0DB84100F26E1B /* LibraryPlaylistsResponse.swift */,
				D03A0E6D2C15F82000951A6F /* LibraryAlbumsResponse.swift */,
			);
			path = Models;
			sourceTree = "<group>";
		};
		D00A339E2BC5A4B3001F24DE /* Managers */ = {
			isa = PBXGroup;
			children = (
				D00A33B82BC6E816001F24DE /* AuthManager.swift */,
				D00A33BA2BC6E83C001F24DE /* APICaller.swift */,
				D00A33BD2BC6E892001F24DE /* HapticsManager.swift */,
			);
			path = Managers;
			sourceTree = "<group>";
		};
		D00A339F2BC5A4BF001F24DE /* Resources */ = {
			isa = PBXGroup;
			children = (
				D00A338F2BC5A2F4001F24DE /* Assets.xcassets */,
				D00A33862BC5A2F3001F24DE /* AppDelegate.swift */,
				D00A33882BC5A2F3001F24DE /* SceneDelegate.swift */,
				D00A33C72BC8526E001F24DE /* Extensions.swift */,
			);
			path = Resources;
			sourceTree = "<group>";
		};
		D00A33A72BC6E3E5001F24DE /* Core */ = {
			isa = PBXGroup;
			children = (
				D00A33A02BC6E2D3001F24DE /* TabBarViewController.swift */,
				D00A338A2BC5A2F3001F24DE /* HomeViewController.swift */,
				D00A33A22BC6E341001F24DE /* SearchViewController.swift */,
				D00A33A52BC6E3B4001F24DE /* LibraryViewController.swift */,
			);
			path = Core;
			sourceTree = "<group>";
		};
		D00A33A82BC6E3FD001F24DE /* Other */ = {
			isa = PBXGroup;
			children = (
				D05F9DB82C0CBABD00F26E1B /* Library */,
				D00A33A92BC6E4B4001F24DE /* AuthViewController.swift */,
				D00A33AB2BC6E4F8001F24DE /* WelcomViewController.swift */,
				D00A33AD2BC6E5CA001F24DE /* SettingsViewController.swift */,
				D00A33B02BC6E5F9001F24DE /* ProfileViewController.swift */,
				D00A33B22BC6E60D001F24DE /* PlayerViewController.swift */,
				D00A33B42BC6E65B001F24DE /* PlaylistViewController.swift */,
				D00A33B62BC6E71D001F24DE /* SearchResultsViewController.swift */,
				D0731DCE2BE7DA2A00EE3587 /* AlbumViewController.swift */,
				D06710BA2BF27665008BA59E /* CategoryViewController.swift */,
			);
			path = Other;
			sourceTree = "<group>";
		};
		D05F9DB82C0CBABD00F26E1B /* Library */ = {
			isa = PBXGroup;
			children = (
				D05F9DB92C0CBB0500F26E1B /* LibraryPlaylistViewController.swift */,
				D05F9DBB2C0CBB5600F26E1B /* LibraryAlbumsViewController.swift */,
			);
			path = Library;
			sourceTree = "<group>";
		};
		D068DEFF2BE3EE7600CBA69D /* Browse */ = {
			isa = PBXGroup;
			children = (
				D068DF002BE3EEC400CBA69D /* NewReleaseCollectionViewCell.swift */,
				D068DF022BE3EF2100CBA69D /* FeaturePlaylistCollectionViewCell.swift */,
				D068DF042BE3EF6100CBA69D /* RecommandedTrackCollectionViewCell.swift */,
			);
			path = Browse;
			sourceTree = "<group>";
		};
		D07041822BFD0BD800F99B3D /* SearchResultCells */ = {
			isa = PBXGroup;
			children = (
				D07041832BFD0C4000F99B3D /* SearchResultdefaultTableViewCell.swift */,
				D07041872BFF2FF500F99B3D /* SearchResultSubtitleTableViewCell.swift */,
			);
			path = SearchResultCells;
			sourceTree = "<group>";
		};
		D070418B2C03821C00F99B3D /* Presenter */ = {
			isa = PBXGroup;
			children = (
				D070418C2C03826000F99B3D /* PlaybackPresenter.swift */,
			);
			path = Presenter;
			sourceTree = "<group>";
		};
/* End PBXGroup section */

/* Begin PBXNativeTarget section */
		D00A33822BC5A2F3001F24DE /* spotify */ = {
			isa = PBXNativeTarget;
			buildConfigurationList = D00A33972BC5A2F4001F24DE /* Build configuration list for PBXNativeTarget "spotify" */;
			buildPhases = (
				5B271DA02862C6F7A38785A5 /* [CP] Check Pods Manifest.lock */,
				D00A337F2BC5A2F3001F24DE /* Sources */,
				D00A33802BC5A2F3001F24DE /* Frameworks */,
				D00A33812BC5A2F3001F24DE /* Resources */,
				0B1E4E06DB09B8FB9F19BB15 /* [CP] Embed Pods Frameworks */,
			);
			buildRules = (
			);
			dependencies = (
			);
			name = spotify;
			productName = spotify;
			productReference = D00A33832BC5A2F3001F24DE /* spotify.app */;
			productType = "com.apple.product-type.application";
		};
/* End PBXNativeTarget section */

/* Begin PBXProject section */
		D00A337B2BC5A2F3001F24DE /* Project object */ = {
			isa = PBXProject;
			attributes = {
				BuildIndependentTargetsInParallel = 1;
				LastSwiftUpdateCheck = 1520;
				LastUpgradeCheck = 1520;
				TargetAttributes = {
					D00A33822BC5A2F3001F24DE = {
						CreatedOnToolsVersion = 15.2;
					};
				};
			};
			buildConfigurationList = D00A337E2BC5A2F3001F24DE /* Build configuration list for PBXProject "spotify" */;
			compatibilityVersion = "Xcode 14.0";
			developmentRegion = en;
			hasScannedForEncodings = 0;
			knownRegions = (
				en,
				Base,
			);
			mainGroup = D00A337A2BC5A2F3001F24DE;
			productRefGroup = D00A33842BC5A2F3001F24DE /* Products */;
			projectDirPath = "";
			projectRoot = "";
			targets = (
				D00A33822BC5A2F3001F24DE /* spotify */,
			);
		};
/* End PBXProject section */

/* Begin PBXResourcesBuildPhase section */
		D00A33812BC5A2F3001F24DE /* Resources */ = {
			isa = PBXResourcesBuildPhase;
			buildActionMask = 2147483647;
			files = (
				D00A33932BC5A2F4001F24DE /* LaunchScreen.storyboard in Resources */,
				D00A33902BC5A2F4001F24DE /* Assets.xcassets in Resources */,
			);
			runOnlyForDeploymentPostprocessing = 0;
		};
/* End PBXResourcesBuildPhase section */

/* Begin PBXShellScriptBuildPhase section */
		0B1E4E06DB09B8FB9F19BB15 /* [CP] Embed Pods Frameworks */ = {
			isa = PBXShellScriptBuildPhase;
			buildActionMask = 2147483647;
			files = (
			);
			inputFileListPaths = (
				"${PODS_ROOT}/Target Support Files/Pods-spotify/Pods-spotify-frameworks-${CONFIGURATION}-input-files.xcfilelist",
			);
			name = "[CP] Embed Pods Frameworks";
			outputFileListPaths = (
				"${PODS_ROOT}/Target Support Files/Pods-spotify/Pods-spotify-frameworks-${CONFIGURATION}-output-files.xcfilelist",
			);
			runOnlyForDeploymentPostprocessing = 0;
			shellPath = /bin/sh;
			shellScript = "\"${PODS_ROOT}/Target Support Files/Pods-spotify/Pods-spotify-frameworks.sh\"\n";
			showEnvVarsInLog = 0;
		};
		5B271DA02862C6F7A38785A5 /* [CP] Check Pods Manifest.lock */ = {
			isa = PBXShellScriptBuildPhase;
			buildActionMask = 2147483647;
			files = (
			);
			inputFileListPaths = (
			);
			inputPaths = (
				"${PODS_PODFILE_DIR_PATH}/Podfile.lock",
				"${PODS_ROOT}/Manifest.lock",
			);
			name = "[CP] Check Pods Manifest.lock";
			outputFileListPaths = (
			);
			outputPaths = (
				"$(DERIVED_FILE_DIR)/Pods-spotify-checkManifestLockResult.txt",
			);
			runOnlyForDeploymentPostprocessing = 0;
			shellPath = /bin/sh;
			shellScript = "diff \"${PODS_PODFILE_DIR_PATH}/Podfile.lock\" \"${PODS_ROOT}/Manifest.lock\" > /dev/null\nif [ $? != 0 ] ; then\n    # print error to STDERR\n    echo \"error: The sandbox is not in sync with the Podfile.lock. Run 'pod install' or update your CocoaPods installation.\" >&2\n    exit 1\nfi\n# This output is used by Xcode 'outputs' to avoid re-running this script phase.\necho \"SUCCESS\" > \"${SCRIPT_OUTPUT_FILE_0}\"\n";
			showEnvVarsInLog = 0;
		};
/* End PBXShellScriptBuildPhase section */

/* Begin PBXSourcesBuildPhase section */
		D00A337F2BC5A2F3001F24DE /* Sources */ = {
			isa = PBXSourcesBuildPhase;
			buildActionMask = 2147483647;
			files = (
				D00A33A32BC6E341001F24DE /* SearchViewController.swift in Sources */,
				D0659B0F2BE9213300D8AA01 /* PlaylistDetailsResponse.swift in Sources */,
				D00A33C02BC6E9AD001F24DE /* Playlist.swift in Sources */,
				D00A33B92BC6E816001F24DE /* AuthManager.swift in Sources */,
				D05F9DBE2C0CC34000F26E1B /* LibraryToggleView.swift in Sources */,
				D05F9DBA2C0CBB0500F26E1B /* LibraryPlaylistViewController.swift in Sources */,
				D068DF072BE54FDB00CBA69D /* NewReleasesCellViewModel.swift in Sources */,
				D068AEA72BEFBBF7004127A4 /* AlbumCollectionViewCellViewModel.swift in Sources */,
				D05F9DC22C0DBB6F00F26E1B /* ActionLabelView.swift in Sources */,
				D068DF032BE3EF2100CBA69D /* FeaturePlaylistCollectionViewCell.swift in Sources */,
				D03A0E6E2C15F82000951A6F /* LibraryAlbumsResponse.swift in Sources */,
				D071E1242BE6890700CD1810 /* FeaturedPlaylistCellViewModel.swift in Sources */,
				D06710BB2BF27665008BA59E /* CategoryViewController.swift in Sources */,
				D06710B72BF26155008BA59E /* AllCategoriesResponse.swift in Sources */,
				D068AEA32BED2F31004127A4 /* TitleHeaderCollectionReusableView.swift in Sources */,
				D0731DCF2BE7DA2A00EE3587 /* AlbumViewController.swift in Sources */,
				D06EB0342BFA700300E8D49C /* SearchResultResponse.swift in Sources */,
				D06ED5042BEA803C008CC47D /* PlaylistHeaderViewViewModel.swift in Sources */,
				D00A33B72BC6E71D001F24DE /* SearchResultsViewController.swift in Sources */,
				D070418A2C023E3900F99B3D /* SearchResultSubtitleTableViewCellViewModel.swift in Sources */,
				D02A3DE72BDFFA5000CF9EB0 /* FeaturedPlaylistResponse.swift in Sources */,
				D07041842BFD0C4000F99B3D /* SearchResultdefaultTableViewCell.swift in Sources */,
				D00A33A12BC6E2D3001F24DE /* TabBarViewController.swift in Sources */,
				D00A33B12BC6E5F9001F24DE /* ProfileViewController.swift in Sources */,
				D00A338B2BC5A2F3001F24DE /* HomeViewController.swift in Sources */,
				D00A33BE2BC6E892001F24DE /* HapticsManager.swift in Sources */,
				D0774EB62BD0222F00D70D95 /* AuthResponse.swift in Sources */,
				D070418F2C03ADB600F99B3D /* PlayerControlsView.swift in Sources */,
				D068AEA92BF10B7C004127A4 /* GenreCollectionViewCell.swift in Sources */,
				D02A3DE32BDFEEF200CF9EB0 /* NewReleasesResponse.swift in Sources */,
				D07041882BFF2FF500F99B3D /* SearchResultSubtitleTableViewCell.swift in Sources */,
				D05F9DBC2C0CBB5600F26E1B /* LibraryAlbumsViewController.swift in Sources */,
				D05F9DC02C0DB84100F26E1B /* LibraryPlaylistsResponse.swift in Sources */,
				D02A3DE52BDFF17D00CF9EB0 /* APIImage.swift in Sources */,
				D068AEA52BEFB7CA004127A4 /* AlbumTrackCollectionViewCell.swift in Sources */,
				D02A3DE92BE1340800CF9EB0 /* RecommandedGenresResponse.swift in Sources */,
				D00A33C22BC6E9C0001F24DE /* AudioTrack.swift in Sources */,
				D068DF012BE3EEC400CBA69D /* NewReleaseCollectionViewCell.swift in Sources */,
				D07041862BFD122700F99B3D /* SearchResultDefaultTableViewCellViewModel.swift in Sources */,
				D00A33AC2BC6E4F8001F24DE /* WelcomViewController.swift in Sources */,
				D00A33AA2BC6E4B4001F24DE /* AuthViewController.swift in Sources */,
				D00A33872BC5A2F3001F24DE /* AppDelegate.swift in Sources */,
				D00A33C62BC6EA13001F24DE /* UserProfile.swift in Sources */,
				D00A33C82BC8526E001F24DE /* Extensions.swift in Sources */,
				D00A33A62BC6E3B4001F24DE /* LibraryViewController.swift in Sources */,
				D07041812BFB9E0E00F99B3D /* SearchResult.swift in Sources */,
				D06ED5022BEA7781008CC47D /* PlaylistHeaderCollectionReusableView.swift in Sources */,
				D070418D2C03826000F99B3D /* PlaybackPresenter.swift in Sources */,
				D00A33C42BC6E9E8001F24DE /* Artist.swift in Sources */,
				D0774EB82BD7FCC700D70D95 /* SettingsModels.swift in Sources */,
				D00A33B52BC6E65B001F24DE /* PlaylistViewController.swift in Sources */,
				D00A33892BC5A2F3001F24DE /* SceneDelegate.swift in Sources */,
				D00A33B32BC6E60D001F24DE /* PlayerViewController.swift in Sources */,
				D068DF052BE3EF6100CBA69D /* RecommandedTrackCollectionViewCell.swift in Sources */,
				D0731DD12BE7E82000EE3587 /* AlbumDetailsResponse.swift in Sources */,
				D02A3DEB2BE144D100CF9EB0 /* RecommandationsResponse.swift in Sources */,
				D00A33BB2BC6E83C001F24DE /* APICaller.swift in Sources */,
				D071E1262BE689B200CD1810 /* RecommandedTrackCellViewModel.swift in Sources */,
				D06710B92BF27360008BA59E /* CategoryCollectionViewCellViewModel.swift in Sources */,
				D00A33AE2BC6E5CA001F24DE /* SettingsViewController.swift in Sources */,
			);
			runOnlyForDeploymentPostprocessing = 0;
		};
/* End PBXSourcesBuildPhase section */

/* Begin PBXVariantGroup section */
		D00A33912BC5A2F4001F24DE /* LaunchScreen.storyboard */ = {
			isa = PBXVariantGroup;
			children = (
				D00A33922BC5A2F4001F24DE /* Base */,
			);
			name = LaunchScreen.storyboard;
			sourceTree = "<group>";
		};
/* End PBXVariantGroup section */

/* Begin XCBuildConfiguration section */
		D00A33952BC5A2F4001F24DE /* Debug */ = {
			isa = XCBuildConfiguration;
			buildSettings = {
				ALWAYS_SEARCH_USER_PATHS = NO;
				ASSETCATALOG_COMPILER_GENERATE_SWIFT_ASSET_SYMBOL_EXTENSIONS = YES;
				CLANG_ANALYZER_NONNULL = YES;
				CLANG_ANALYZER_NUMBER_OBJECT_CONVERSION = YES_AGGRESSIVE;
				CLANG_CXX_LANGUAGE_STANDARD = "gnu++20";
				CLANG_ENABLE_MODULES = YES;
				CLANG_ENABLE_OBJC_ARC = YES;
				CLANG_ENABLE_OBJC_WEAK = YES;
				CLANG_WARN_BLOCK_CAPTURE_AUTORELEASING = YES;
				CLANG_WARN_BOOL_CONVERSION = YES;
				CLANG_WARN_COMMA = YES;
				CLANG_WARN_CONSTANT_CONVERSION = YES;
				CLANG_WARN_DEPRECATED_OBJC_IMPLEMENTATIONS = YES;
				CLANG_WARN_DIRECT_OBJC_ISA_USAGE = YES_ERROR;
				CLANG_WARN_DOCUMENTATION_COMMENTS = YES;
				CLANG_WARN_EMPTY_BODY = YES;
				CLANG_WARN_ENUM_CONVERSION = YES;
				CLANG_WARN_INFINITE_RECURSION = YES;
				CLANG_WARN_INT_CONVERSION = YES;
				CLANG_WARN_NON_LITERAL_NULL_CONVERSION = YES;
				CLANG_WARN_OBJC_IMPLICIT_RETAIN_SELF = YES;
				CLANG_WARN_OBJC_LITERAL_CONVERSION = YES;
				CLANG_WARN_OBJC_ROOT_CLASS = YES_ERROR;
				CLANG_WARN_QUOTED_INCLUDE_IN_FRAMEWORK_HEADER = YES;
				CLANG_WARN_RANGE_LOOP_ANALYSIS = YES;
				CLANG_WARN_STRICT_PROTOTYPES = YES;
				CLANG_WARN_SUSPICIOUS_MOVE = YES;
				CLANG_WARN_UNGUARDED_AVAILABILITY = YES;
				CLANG_WARN_UNREACHABLE_CODE = YES;
				CLANG_WARN__DUPLICATE_METHOD_MATCH = YES;
				COPY_PHASE_STRIP = NO;
				DEBUG_INFORMATION_FORMAT = dwarf;
				ENABLE_STRICT_OBJC_MSGSEND = YES;
				ENABLE_TESTABILITY = YES;
				ENABLE_USER_SCRIPT_SANDBOXING = NO;
				GCC_C_LANGUAGE_STANDARD = gnu17;
				GCC_DYNAMIC_NO_PIC = NO;
				GCC_NO_COMMON_BLOCKS = YES;
				GCC_OPTIMIZATION_LEVEL = 0;
				GCC_PREPROCESSOR_DEFINITIONS = (
					"DEBUG=1",
					"$(inherited)",
				);
				GCC_WARN_64_TO_32_BIT_CONVERSION = YES;
				GCC_WARN_ABOUT_RETURN_TYPE = YES_ERROR;
				GCC_WARN_UNDECLARED_SELECTOR = YES;
				GCC_WARN_UNINITIALIZED_AUTOS = YES_AGGRESSIVE;
				GCC_WARN_UNUSED_FUNCTION = YES;
				GCC_WARN_UNUSED_VARIABLE = YES;
				IPHONEOS_DEPLOYMENT_TARGET = 16.0;
				LOCALIZATION_PREFERS_STRING_CATALOGS = YES;
				MTL_ENABLE_DEBUG_INFO = INCLUDE_SOURCE;
				MTL_FAST_MATH = YES;
				ONLY_ACTIVE_ARCH = YES;
				SDKROOT = iphoneos;
				SWIFT_ACTIVE_COMPILATION_CONDITIONS = "DEBUG $(inherited)";
				SWIFT_OPTIMIZATION_LEVEL = "-Onone";
			};
			name = Debug;
		};
		D00A33962BC5A2F4001F24DE /* Release */ = {
			isa = XCBuildConfiguration;
			buildSettings = {
				ALWAYS_SEARCH_USER_PATHS = NO;
				ASSETCATALOG_COMPILER_GENERATE_SWIFT_ASSET_SYMBOL_EXTENSIONS = YES;
				CLANG_ANALYZER_NONNULL = YES;
				CLANG_ANALYZER_NUMBER_OBJECT_CONVERSION = YES_AGGRESSIVE;
				CLANG_CXX_LANGUAGE_STANDARD = "gnu++20";
				CLANG_ENABLE_MODULES = YES;
				CLANG_ENABLE_OBJC_ARC = YES;
				CLANG_ENABLE_OBJC_WEAK = YES;
				CLANG_WARN_BLOCK_CAPTURE_AUTORELEASING = YES;
				CLANG_WARN_BOOL_CONVERSION = YES;
				CLANG_WARN_COMMA = YES;
				CLANG_WARN_CONSTANT_CONVERSION = YES;
				CLANG_WARN_DEPRECATED_OBJC_IMPLEMENTATIONS = YES;
				CLANG_WARN_DIRECT_OBJC_ISA_USAGE = YES_ERROR;
				CLANG_WARN_DOCUMENTATION_COMMENTS = YES;
				CLANG_WARN_EMPTY_BODY = YES;
				CLANG_WARN_ENUM_CONVERSION = YES;
				CLANG_WARN_INFINITE_RECURSION = YES;
				CLANG_WARN_INT_CONVERSION = YES;
				CLANG_WARN_NON_LITERAL_NULL_CONVERSION = YES;
				CLANG_WARN_OBJC_IMPLICIT_RETAIN_SELF = YES;
				CLANG_WARN_OBJC_LITERAL_CONVERSION = YES;
				CLANG_WARN_OBJC_ROOT_CLASS = YES_ERROR;
				CLANG_WARN_QUOTED_INCLUDE_IN_FRAMEWORK_HEADER = YES;
				CLANG_WARN_RANGE_LOOP_ANALYSIS = YES;
				CLANG_WARN_STRICT_PROTOTYPES = YES;
				CLANG_WARN_SUSPICIOUS_MOVE = YES;
				CLANG_WARN_UNGUARDED_AVAILABILITY = YES;
				CLANG_WARN_UNREACHABLE_CODE = YES;
				CLANG_WARN__DUPLICATE_METHOD_MATCH = YES;
				COPY_PHASE_STRIP = NO;
				DEBUG_INFORMATION_FORMAT = "dwarf-with-dsym";
				ENABLE_NS_ASSERTIONS = NO;
				ENABLE_STRICT_OBJC_MSGSEND = YES;
				ENABLE_USER_SCRIPT_SANDBOXING = NO;
				GCC_C_LANGUAGE_STANDARD = gnu17;
				GCC_NO_COMMON_BLOCKS = YES;
				GCC_WARN_64_TO_32_BIT_CONVERSION = YES;
				GCC_WARN_ABOUT_RETURN_TYPE = YES_ERROR;
				GCC_WARN_UNDECLARED_SELECTOR = YES;
				GCC_WARN_UNINITIALIZED_AUTOS = YES_AGGRESSIVE;
				GCC_WARN_UNUSED_FUNCTION = YES;
				GCC_WARN_UNUSED_VARIABLE = YES;
				IPHONEOS_DEPLOYMENT_TARGET = 16.0;
				LOCALIZATION_PREFERS_STRING_CATALOGS = YES;
				MTL_ENABLE_DEBUG_INFO = NO;
				MTL_FAST_MATH = YES;
				SDKROOT = iphoneos;
				SWIFT_COMPILATION_MODE = wholemodule;
				VALIDATE_PRODUCT = YES;
			};
			name = Release;
		};
		D00A33982BC5A2F4001F24DE /* Debug */ = {
			isa = XCBuildConfiguration;
			baseConfigurationReference = C1C2BF2400E0711232950265 /* Pods-spotify.debug.xcconfig */;
			buildSettings = {
				ASSETCATALOG_COMPILER_APPICON_NAME = AppIcon;
				ASSETCATALOG_COMPILER_GLOBAL_ACCENT_COLOR_NAME = AccentColor;
				CODE_SIGN_STYLE = Automatic;
				CURRENT_PROJECT_VERSION = 1;
				DEVELOPMENT_TEAM = U6S885JLSX;
				GENERATE_INFOPLIST_FILE = YES;
				INFOPLIST_FILE = spotify/Info.plist;
				INFOPLIST_KEY_UIApplicationSupportsIndirectInputEvents = YES;
				INFOPLIST_KEY_UILaunchStoryboardName = LaunchScreen;
				INFOPLIST_KEY_UIStatusBarStyle = "";
				INFOPLIST_KEY_UISupportedInterfaceOrientations_iPad = "UIInterfaceOrientationPortrait UIInterfaceOrientationPortraitUpsideDown UIInterfaceOrientationLandscapeLeft UIInterfaceOrientationLandscapeRight";
				INFOPLIST_KEY_UISupportedInterfaceOrientations_iPhone = "UIInterfaceOrientationPortrait UIInterfaceOrientationLandscapeLeft UIInterfaceOrientationLandscapeRight";
				IPHONEOS_DEPLOYMENT_TARGET = 17.0;
				LD_RUNPATH_SEARCH_PATHS = (
					"$(inherited)",
					"@executable_path/Frameworks",
				);
				MARKETING_VERSION = 1.0;
				PRODUCT_BUNDLE_IDENTIFIER = home;
				PRODUCT_NAME = "$(TARGET_NAME)";
				SWIFT_EMIT_LOC_STRINGS = YES;
				SWIFT_VERSION = 5.0;
				TARGETED_DEVICE_FAMILY = "1,2";
			};
			name = Debug;
		};
		D00A33992BC5A2F4001F24DE /* Release */ = {
			isa = XCBuildConfiguration;
			baseConfigurationReference = F68307A0871B721AB2D6EE57 /* Pods-spotify.release.xcconfig */;
			buildSettings = {
				ASSETCATALOG_COMPILER_APPICON_NAME = AppIcon;
				ASSETCATALOG_COMPILER_GLOBAL_ACCENT_COLOR_NAME = AccentColor;
				CODE_SIGN_STYLE = Automatic;
				CURRENT_PROJECT_VERSION = 1;
				DEVELOPMENT_TEAM = U6S885JLSX;
				GENERATE_INFOPLIST_FILE = YES;
				INFOPLIST_FILE = spotify/Info.plist;
				INFOPLIST_KEY_UIApplicationSupportsIndirectInputEvents = YES;
				INFOPLIST_KEY_UILaunchStoryboardName = LaunchScreen;
				INFOPLIST_KEY_UIStatusBarStyle = "";
				INFOPLIST_KEY_UISupportedInterfaceOrientations_iPad = "UIInterfaceOrientationPortrait UIInterfaceOrientationPortraitUpsideDown UIInterfaceOrientationLandscapeLeft UIInterfaceOrientationLandscapeRight";
				INFOPLIST_KEY_UISupportedInterfaceOrientations_iPhone = "UIInterfaceOrientationPortrait UIInterfaceOrientationLandscapeLeft UIInterfaceOrientationLandscapeRight";
				IPHONEOS_DEPLOYMENT_TARGET = 17.0;
				LD_RUNPATH_SEARCH_PATHS = (
					"$(inherited)",
					"@executable_path/Frameworks",
				);
				MARKETING_VERSION = 1.0;
				PRODUCT_BUNDLE_IDENTIFIER = home;
				PRODUCT_NAME = "$(TARGET_NAME)";
				SWIFT_EMIT_LOC_STRINGS = YES;
				SWIFT_VERSION = 5.0;
				TARGETED_DEVICE_FAMILY = "1,2";
			};
			name = Release;
		};
/* End XCBuildConfiguration section */

/* Begin XCConfigurationList section */
		D00A337E2BC5A2F3001F24DE /* Build configuration list for PBXProject "spotify" */ = {
			isa = XCConfigurationList;
			buildConfigurations = (
				D00A33952BC5A2F4001F24DE /* Debug */,
				D00A33962BC5A2F4001F24DE /* Release */,
			);
			defaultConfigurationIsVisible = 0;
			defaultConfigurationName = Release;
		};
		D00A33972BC5A2F4001F24DE /* Build configuration list for PBXNativeTarget "spotify" */ = {
			isa = XCConfigurationList;
			buildConfigurations = (
				D00A33982BC5A2F4001F24DE /* Debug */,
				D00A33992BC5A2F4001F24DE /* Release */,
			);
			defaultConfigurationIsVisible = 0;
			defaultConfigurationName = Release;
		};
/* End XCConfigurationList section */
	};
	rootObject = D00A337B2BC5A2F3001F24DE /* Project object */;
}
